// !$*UTF8*$!
{
	archiveVersion = 1;
	classes = {
	};
	objectVersion = 56;
	objects = {

/* Begin PBXBuildFile section */
		CD2446952993EE6F009E759A /* NetworkInterface.swift in Sources */ = {isa = PBXBuildFile; fileRef = CD2446942993EE6F009E759A /* NetworkInterface.swift */; };
		CD843B302992E62C008FF645 /* ModelOperations.swift in Sources */ = {isa = PBXBuildFile; fileRef = CD843B2F2992E62C008FF645 /* ModelOperations.swift */; };
		CD8ED64E299028EB0089B537 /* TrantorApp.swift in Sources */ = {isa = PBXBuildFile; fileRef = CD8ED64D299028EB0089B537 /* TrantorApp.swift */; };
		CD8ED650299028EB0089B537 /* ContentView.swift in Sources */ = {isa = PBXBuildFile; fileRef = CD8ED64F299028EB0089B537 /* ContentView.swift */; };
		CD8ED652299028EC0089B537 /* Assets.xcassets in Resources */ = {isa = PBXBuildFile; fileRef = CD8ED651299028EC0089B537 /* Assets.xcassets */; };
		CD8ED655299028EC0089B537 /* Preview Assets.xcassets in Resources */ = {isa = PBXBuildFile; fileRef = CD8ED654299028EC0089B537 /* Preview Assets.xcassets */; };
		CD8ED65D299034D20089B537 /* trantorAuthorsTest.json in Resources */ = {isa = PBXBuildFile; fileRef = CD8ED65B299034D20089B537 /* trantorAuthorsTest.json */; };
		CD8ED65E299034D20089B537 /* trantorBooksTest.json in Resources */ = {isa = PBXBuildFile; fileRef = CD8ED65C299034D20089B537 /* trantorBooksTest.json */; };
		CD8ED660299037AE0089B537 /* ModelDefinition.swift in Sources */ = {isa = PBXBuildFile; fileRef = CD8ED65F299037AE0089B537 /* ModelDefinition.swift */; };
		CD8ED66229904D560089B537 /* ModelPersistence.swift in Sources */ = {isa = PBXBuildFile; fileRef = CD8ED66129904D560089B537 /* ModelPersistence.swift */; };
		CD8ED664299050090089B537 /* TrantorViewModel.swift in Sources */ = {isa = PBXBuildFile; fileRef = CD8ED663299050090089B537 /* TrantorViewModel.swift */; };
/* End PBXBuildFile section */

/* Begin PBXFileReference section */
		CD2446942993EE6F009E759A /* NetworkInterface.swift */ = {isa = PBXFileReference; lastKnownFileType = sourcecode.swift; path = NetworkInterface.swift; sourceTree = "<group>"; };
		CD843B2F2992E62C008FF645 /* ModelOperations.swift */ = {isa = PBXFileReference; lastKnownFileType = sourcecode.swift; path = ModelOperations.swift; sourceTree = "<group>"; };
		CD8ED64A299028EB0089B537 /* Trantor.app */ = {isa = PBXFileReference; explicitFileType = wrapper.application; includeInIndex = 0; path = Trantor.app; sourceTree = BUILT_PRODUCTS_DIR; };
		CD8ED64D299028EB0089B537 /* TrantorApp.swift */ = {isa = PBXFileReference; lastKnownFileType = sourcecode.swift; path = TrantorApp.swift; sourceTree = "<group>"; };
		CD8ED64F299028EB0089B537 /* ContentView.swift */ = {isa = PBXFileReference; lastKnownFileType = sourcecode.swift; path = ContentView.swift; sourceTree = "<group>"; };
		CD8ED651299028EC0089B537 /* Assets.xcassets */ = {isa = PBXFileReference; lastKnownFileType = folder.assetcatalog; path = Assets.xcassets; sourceTree = "<group>"; };
		CD8ED654299028EC0089B537 /* Preview Assets.xcassets */ = {isa = PBXFileReference; lastKnownFileType = folder.assetcatalog; path = "Preview Assets.xcassets"; sourceTree = "<group>"; };
		CD8ED65B299034D20089B537 /* trantorAuthorsTest.json */ = {isa = PBXFileReference; fileEncoding = 4; lastKnownFileType = text.json; path = trantorAuthorsTest.json; sourceTree = "<group>"; };
		CD8ED65C299034D20089B537 /* trantorBooksTest.json */ = {isa = PBXFileReference; fileEncoding = 4; lastKnownFileType = text.json; path = trantorBooksTest.json; sourceTree = "<group>"; };
		CD8ED65F299037AE0089B537 /* ModelDefinition.swift */ = {isa = PBXFileReference; lastKnownFileType = sourcecode.swift; path = ModelDefinition.swift; sourceTree = "<group>"; };
		CD8ED66129904D560089B537 /* ModelPersistence.swift */ = {isa = PBXFileReference; lastKnownFileType = sourcecode.swift; path = ModelPersistence.swift; sourceTree = "<group>"; };
		CD8ED663299050090089B537 /* TrantorViewModel.swift */ = {isa = PBXFileReference; lastKnownFileType = sourcecode.swift; path = TrantorViewModel.swift; sourceTree = "<group>"; };
/* End PBXFileReference section */

/* Begin PBXFrameworksBuildPhase section */
		CD8ED647299028EB0089B537 /* Frameworks */ = {
			isa = PBXFrameworksBuildPhase;
			buildActionMask = 2147483647;
			files = (
			);
			runOnlyForDeploymentPostprocessing = 0;
		};
/* End PBXFrameworksBuildPhase section */

/* Begin PBXGroup section */
		CD2446932993EE36009E759A /* Network */ = {
			isa = PBXGroup;
			children = (
				CD2446942993EE6F009E759A /* NetworkInterface.swift */,
			);
			name = Network;
			sourceTree = "<group>";
		};
		CD8ED641299028EA0089B537 = {
			isa = PBXGroup;
			children = (
				CD8ED64C299028EB0089B537 /* Trantor */,
				CD8ED6692990542A0089B537 /* TrantorTests */,
				CD8ED64B299028EB0089B537 /* Products */,
			);
			sourceTree = "<group>";
		};
		CD8ED64B299028EB0089B537 /* Products */ = {
			isa = PBXGroup;
			children = (
				CD8ED64A299028EB0089B537 /* Trantor.app */,
			);
			name = Products;
			sourceTree = "<group>";
		};
		CD8ED64C299028EB0089B537 /* Trantor */ = {
			isa = PBXGroup;
			children = (
				CD8ED6652990536E0089B537 /* Views */,
				CD8ED666299053800089B537 /* ViewModels */,
				CD8ED668299053D80089B537 /* Model */,
				CD2446932993EE36009E759A /* Network */,
				CD8ED667299053A50089B537 /* System */,
				CD8ED653299028EC0089B537 /* Preview Content */,
			);
			path = Trantor;
			sourceTree = "<group>";
		};
		CD8ED653299028EC0089B537 /* Preview Content */ = {
			isa = PBXGroup;
			children = (
				CD8ED65B299034D20089B537 /* trantorAuthorsTest.json */,
				CD8ED65C299034D20089B537 /* trantorBooksTest.json */,
				CD8ED654299028EC0089B537 /* Preview Assets.xcassets */,
			);
			path = "Preview Content";
			sourceTree = "<group>";
		};
		CD8ED6652990536E0089B537 /* Views */ = {
			isa = PBXGroup;
			children = (
				CD8ED64F299028EB0089B537 /* ContentView.swift */,
			);
			name = Views;
			sourceTree = "<group>";
		};
		CD8ED666299053800089B537 /* ViewModels */ = {
			isa = PBXGroup;
			children = (
				CD8ED663299050090089B537 /* TrantorViewModel.swift */,
			);
			name = ViewModels;
			sourceTree = "<group>";
		};
		CD8ED667299053A50089B537 /* System */ = {
			isa = PBXGroup;
			children = (
				CD8ED64D299028EB0089B537 /* TrantorApp.swift */,
				CD8ED651299028EC0089B537 /* Assets.xcassets */,
			);
			name = System;
			sourceTree = "<group>";
		};
		CD8ED668299053D80089B537 /* Model */ = {
			isa = PBXGroup;
			children = (
				CD8ED65F299037AE0089B537 /* ModelDefinition.swift */,
				CD843B2F2992E62C008FF645 /* ModelOperations.swift */,
				CD8ED66129904D560089B537 /* ModelPersistence.swift */,
			);
			name = Model;
			sourceTree = "<group>";
		};
		CD8ED6692990542A0089B537 /* TrantorTests */ = {
			isa = PBXGroup;
			children = (
			);
			name = TrantorTests;
			path = Trantor;
			sourceTree = "<group>";
		};
/* End PBXGroup section */

/* Begin PBXNativeTarget section */
		CD8ED649299028EB0089B537 /* Trantor */ = {
			isa = PBXNativeTarget;
			buildConfigurationList = CD8ED658299028EC0089B537 /* Build configuration list for PBXNativeTarget "Trantor" */;
			buildPhases = (
				CD8ED646299028EB0089B537 /* Sources */,
				CD8ED647299028EB0089B537 /* Frameworks */,
				CD8ED648299028EB0089B537 /* Resources */,
			);
			buildRules = (
			);
			dependencies = (
			);
			name = Trantor;
			productName = Trantor;
			productReference = CD8ED64A299028EB0089B537 /* Trantor.app */;
			productType = "com.apple.product-type.application";
		};
/* End PBXNativeTarget section */

/* Begin PBXProject section */
		CD8ED642299028EA0089B537 /* Project object */ = {
			isa = PBXProject;
			attributes = {
				BuildIndependentTargetsInParallel = 1;
				LastSwiftUpdateCheck = 1420;
				LastUpgradeCheck = 1420;
				TargetAttributes = {
					CD8ED649299028EB0089B537 = {
						CreatedOnToolsVersion = 14.2;
					};
				};
			};
			buildConfigurationList = CD8ED645299028EA0089B537 /* Build configuration list for PBXProject "Trantor" */;
			compatibilityVersion = "Xcode 14.0";
			developmentRegion = en;
			hasScannedForEncodings = 0;
			knownRegions = (
				en,
				Base,
			);
			mainGroup = CD8ED641299028EA0089B537;
			productRefGroup = CD8ED64B299028EB0089B537 /* Products */;
			projectDirPath = "";
			projectRoot = "";
			targets = (
				CD8ED649299028EB0089B537 /* Trantor */,
			);
		};
/* End PBXProject section */

/* Begin PBXResourcesBuildPhase section */
		CD8ED648299028EB0089B537 /* Resources */ = {
			isa = PBXResourcesBuildPhase;
			buildActionMask = 2147483647;
			files = (
				CD8ED655299028EC0089B537 /* Preview Assets.xcassets in Resources */,
				CD8ED65E299034D20089B537 /* trantorBooksTest.json in Resources */,
				CD8ED65D299034D20089B537 /* trantorAuthorsTest.json in Resources */,
				CD8ED652299028EC0089B537 /* Assets.xcassets in Resources */,
			);
			runOnlyForDeploymentPostprocessing = 0;
		};
/* End PBXResourcesBuildPhase section */

/* Begin PBXSourcesBuildPhase section */
		CD8ED646299028EB0089B537 /* Sources */ = {
			isa = PBXSourcesBuildPhase;
			buildActionMask = 2147483647;
			files = (
				CD8ED650299028EB0089B537 /* ContentView.swift in Sources */,
				CD8ED660299037AE0089B537 /* ModelDefinition.swift in Sources */,
				CD8ED664299050090089B537 /* TrantorViewModel.swift in Sources */,
				CD2446952993EE6F009E759A /* NetworkInterface.swift in Sources */,
				CD8ED64E299028EB0089B537 /* TrantorApp.swift in Sources */,
				CD8ED66229904D560089B537 /* ModelPersistence.swift in Sources */,
				CD843B302992E62C008FF645 /* ModelOperations.swift in Sources */,
			);
			runOnlyForDeploymentPostprocessing = 0;
		};
/* End PBXSourcesBuildPhase section */

/* Begin XCBuildConfiguration section */
		CD8ED656299028EC0089B537 /* Debug */ = {
			isa = XCBuildConfiguration;
			buildSettings = {
				ALWAYS_SEARCH_USER_PATHS = NO;
				CLANG_ANALYZER_NONNULL = YES;
				CLANG_ANALYZER_NUMBER_OBJECT_CONVERSION = YES_AGGRESSIVE;
				CLANG_CXX_LANGUAGE_STANDARD = "gnu++20";
				CLANG_ENABLE_MODULES = YES;
				CLANG_ENABLE_OBJC_ARC = YES;
				CLANG_ENABLE_OBJC_WEAK = YES;
				CLANG_WARN_BLOCK_CAPTURE_AUTORELEASING = YES;
				CLANG_WARN_BOOL_CONVERSION = YES;
				CLANG_WARN_COMMA = YES;
				CLANG_WARN_CONSTANT_CONVERSION = YES;
				CLANG_WARN_DEPRECATED_OBJC_IMPLEMENTATIONS = YES;
				CLANG_WARN_DIRECT_OBJC_ISA_USAGE = YES_ERROR;
				CLANG_WARN_DOCUMENTATION_COMMENTS = YES;
				CLANG_WARN_EMPTY_BODY = YES;
				CLANG_WARN_ENUM_CONVERSION = YES;
				CLANG_WARN_INFINITE_RECURSION = YES;
				CLANG_WARN_INT_CONVERSION = YES;
				CLANG_WARN_NON_LITERAL_NULL_CONVERSION = YES;
				CLANG_WARN_OBJC_IMPLICIT_RETAIN_SELF = YES;
				CLANG_WARN_OBJC_LITERAL_CONVERSION = YES;
				CLANG_WARN_OBJC_ROOT_CLASS = YES_ERROR;
				CLANG_WARN_QUOTED_INCLUDE_IN_FRAMEWORK_HEADER = YES;
				CLANG_WARN_RANGE_LOOP_ANALYSIS = YES;
				CLANG_WARN_STRICT_PROTOTYPES = YES;
				CLANG_WARN_SUSPICIOUS_MOVE = YES;
				CLANG_WARN_UNGUARDED_AVAILABILITY = YES_AGGRESSIVE;
				CLANG_WARN_UNREACHABLE_CODE = YES;
				CLANG_WARN__DUPLICATE_METHOD_MATCH = YES;
				COPY_PHASE_STRIP = NO;
				DEBUG_INFORMATION_FORMAT = dwarf;
				ENABLE_STRICT_OBJC_MSGSEND = YES;
				ENABLE_TESTABILITY = YES;
				GCC_C_LANGUAGE_STANDARD = gnu11;
				GCC_DYNAMIC_NO_PIC = NO;
				GCC_NO_COMMON_BLOCKS = YES;
				GCC_OPTIMIZATION_LEVEL = 0;
				GCC_PREPROCESSOR_DEFINITIONS = (
					"DEBUG=1",
					"$(inherited)",
				);
				GCC_WARN_64_TO_32_BIT_CONVERSION = YES;
				GCC_WARN_ABOUT_RETURN_TYPE = YES_ERROR;
				GCC_WARN_UNDECLARED_SELECTOR = YES;
				GCC_WARN_UNINITIALIZED_AUTOS = YES_AGGRESSIVE;
				GCC_WARN_UNUSED_FUNCTION = YES;
				GCC_WARN_UNUSED_VARIABLE = YES;
				IPHONEOS_DEPLOYMENT_TARGET = 16.2;
				MTL_ENABLE_DEBUG_INFO = INCLUDE_SOURCE;
				MTL_FAST_MATH = YES;
				ONLY_ACTIVE_ARCH = YES;
				SDKROOT = iphoneos;
				SWIFT_ACTIVE_COMPILATION_CONDITIONS = DEBUG;
				SWIFT_OPTIMIZATION_LEVEL = "-Onone";
			};
			name = Debug;
		};
		CD8ED657299028EC0089B537 /* Release */ = {
			isa = XCBuildConfiguration;
			buildSettings = {
				ALWAYS_SEARCH_USER_PATHS = NO;
				CLANG_ANALYZER_NONNULL = YES;
				CLANG_ANALYZER_NUMBER_OBJECT_CONVERSION = YES_AGGRESSIVE;
				CLANG_CXX_LANGUAGE_STANDARD = "gnu++20";
				CLANG_ENABLE_MODULES = YES;
				CLANG_ENABLE_OBJC_ARC = YES;
				CLANG_ENABLE_OBJC_WEAK = YES;
				CLANG_WARN_BLOCK_CAPTURE_AUTORELEASING = YES;
				CLANG_WARN_BOOL_CONVERSION = YES;
				CLANG_WARN_COMMA = YES;
				CLANG_WARN_CONSTANT_CONVERSION = YES;
				CLANG_WARN_DEPRECATED_OBJC_IMPLEMENTATIONS = YES;
				CLANG_WARN_DIRECT_OBJC_ISA_USAGE = YES_ERROR;
				CLANG_WARN_DOCUMENTATION_COMMENTS = YES;
				CLANG_WARN_EMPTY_BODY = YES;
				CLANG_WARN_ENUM_CONVERSION = YES;
				CLANG_WARN_INFINITE_RECURSION = YES;
				CLANG_WARN_INT_CONVERSION = YES;
				CLANG_WARN_NON_LITERAL_NULL_CONVERSION = YES;
				CLANG_WARN_OBJC_IMPLICIT_RETAIN_SELF = YES;
				CLANG_WARN_OBJC_LITERAL_CONVERSION = YES;
				CLANG_WARN_OBJC_ROOT_CLASS = YES_ERROR;
				CLANG_WARN_QUOTED_INCLUDE_IN_FRAMEWORK_HEADER = YES;
				CLANG_WARN_RANGE_LOOP_ANALYSIS = YES;
				CLANG_WARN_STRICT_PROTOTYPES = YES;
				CLANG_WARN_SUSPICIOUS_MOVE = YES;
				CLANG_WARN_UNGUARDED_AVAILABILITY = YES_AGGRESSIVE;
				CLANG_WARN_UNREACHABLE_CODE = YES;
				CLANG_WARN__DUPLICATE_METHOD_MATCH = YES;
				COPY_PHASE_STRIP = NO;
				DEBUG_INFORMATION_FORMAT = "dwarf-with-dsym";
				ENABLE_NS_ASSERTIONS = NO;
				ENABLE_STRICT_OBJC_MSGSEND = YES;
				GCC_C_LANGUAGE_STANDARD = gnu11;
				GCC_NO_COMMON_BLOCKS = YES;
				GCC_WARN_64_TO_32_BIT_CONVERSION = YES;
				GCC_WARN_ABOUT_RETURN_TYPE = YES_ERROR;
				GCC_WARN_UNDECLARED_SELECTOR = YES;
				GCC_WARN_UNINITIALIZED_AUTOS = YES_AGGRESSIVE;
				GCC_WARN_UNUSED_FUNCTION = YES;
				GCC_WARN_UNUSED_VARIABLE = YES;
				IPHONEOS_DEPLOYMENT_TARGET = 16.2;
				MTL_ENABLE_DEBUG_INFO = NO;
				MTL_FAST_MATH = YES;
				SDKROOT = iphoneos;
				SWIFT_COMPILATION_MODE = wholemodule;
				SWIFT_OPTIMIZATION_LEVEL = "-O";
				VALIDATE_PRODUCT = YES;
			};
			name = Release;
		};
		CD8ED659299028EC0089B537 /* Debug */ = {
			isa = XCBuildConfiguration;
			buildSettings = {
				ASSETCATALOG_COMPILER_APPICON_NAME = AppIcon;
				ASSETCATALOG_COMPILER_GLOBAL_ACCENT_COLOR_NAME = AccentColor;
				CODE_SIGN_STYLE = Automatic;
				CURRENT_PROJECT_VERSION = 1;
				DEVELOPMENT_ASSET_PATHS = "\"Trantor/Preview Content\"";
				DEVELOPMENT_TEAM = 27CHX4Z3YS;
				ENABLE_PREVIEWS = YES;
				GENERATE_INFOPLIST_FILE = YES;
				INFOPLIST_KEY_UIApplicationSceneManifest_Generation = YES;
				INFOPLIST_KEY_UIApplicationSupportsIndirectInputEvents = YES;
				INFOPLIST_KEY_UILaunchScreen_Generation = YES;
				INFOPLIST_KEY_UISupportedInterfaceOrientations_iPad = "UIInterfaceOrientationPortrait UIInterfaceOrientationPortraitUpsideDown UIInterfaceOrientationLandscapeLeft UIInterfaceOrientationLandscapeRight";
				INFOPLIST_KEY_UISupportedInterfaceOrientations_iPhone = "UIInterfaceOrientationPortrait UIInterfaceOrientationLandscapeLeft UIInterfaceOrientationLandscapeRight";
				LD_RUNPATH_SEARCH_PATHS = (
					"$(inherited)",
					"@executable_path/Frameworks",
				);
				MARKETING_VERSION = 1.0;
				PRODUCT_BUNDLE_IDENTIFIER = net.tizona.Trantor;
				PRODUCT_NAME = "$(TARGET_NAME)";
				SWIFT_EMIT_LOC_STRINGS = YES;
				SWIFT_VERSION = 5.0;
				TARGETED_DEVICE_FAMILY = "1,2";
			};
			name = Debug;
		};
		CD8ED65A299028EC0089B537 /* Release */ = {
			isa = XCBuildConfiguration;
			buildSettings = {
				ASSETCATALOG_COMPILER_APPICON_NAME = AppIcon;
				ASSETCATALOG_COMPILER_GLOBAL_ACCENT_COLOR_NAME = AccentColor;
				CODE_SIGN_STYLE = Automatic;
				CURRENT_PROJECT_VERSION = 1;
				DEVELOPMENT_ASSET_PATHS = "\"Trantor/Preview Content\"";
				DEVELOPMENT_TEAM = 27CHX4Z3YS;
				ENABLE_PREVIEWS = YES;
				GENERATE_INFOPLIST_FILE = YES;
				INFOPLIST_KEY_UIApplicationSceneManifest_Generation = YES;
				INFOPLIST_KEY_UIApplicationSupportsIndirectInputEvents = YES;
				INFOPLIST_KEY_UILaunchScreen_Generation = YES;
				INFOPLIST_KEY_UISupportedInterfaceOrientations_iPad = "UIInterfaceOrientationPortrait UIInterfaceOrientationPortraitUpsideDown UIInterfaceOrientationLandscapeLeft UIInterfaceOrientationLandscapeRight";
				INFOPLIST_KEY_UISupportedInterfaceOrientations_iPhone = "UIInterfaceOrientationPortrait UIInterfaceOrientationLandscapeLeft UIInterfaceOrientationLandscapeRight";
				LD_RUNPATH_SEARCH_PATHS = (
					"$(inherited)",
					"@executable_path/Frameworks",
				);
				MARKETING_VERSION = 1.0;
				PRODUCT_BUNDLE_IDENTIFIER = net.tizona.Trantor;
				PRODUCT_NAME = "$(TARGET_NAME)";
				SWIFT_EMIT_LOC_STRINGS = YES;
				SWIFT_VERSION = 5.0;
				TARGETED_DEVICE_FAMILY = "1,2";
			};
			name = Release;
		};
/* End XCBuildConfiguration section */

/* Begin XCConfigurationList section */
		CD8ED645299028EA0089B537 /* Build configuration list for PBXProject "Trantor" */ = {
			isa = XCConfigurationList;
			buildConfigurations = (
				CD8ED656299028EC0089B537 /* Debug */,
				CD8ED657299028EC0089B537 /* Release */,
			);
			defaultConfigurationIsVisible = 0;
			defaultConfigurationName = Release;
		};
		CD8ED658299028EC0089B537 /* Build configuration list for PBXNativeTarget "Trantor" */ = {
			isa = XCConfigurationList;
			buildConfigurations = (
				CD8ED659299028EC0089B537 /* Debug */,
				CD8ED65A299028EC0089B537 /* Release */,
			);
			defaultConfigurationIsVisible = 0;
			defaultConfigurationName = Release;
		};
/* End XCConfigurationList section */
	};
	rootObject = CD8ED642299028EA0089B537 /* Project object */;
}
